
Microsoft Visual Studio Solution File, Format Version 12.00
# Visual Studio Version 16
VisualStudioVersion = 16.0.30011.22
MinimumVisualStudioVersion = 10.0.40219.1
Project("{FAE04EC0-301F-11D3-BF4B-00C04F79EFBC}") = "oldDadApp", "oldDadApp\oldDadApp.csproj", "{C12DC3D8-AA1A-46AF-8B19-7763286DFA9D}"
EndProject
Project("{2150E333-8FDC-42A3-9474-1A3956D46DE8}") = "Solution Items", "Solution Items", "{7B3C1FA4-60C4-474E-B4B6-5002E49FEB9C}"
	ProjectSection(SolutionItems) = preProject
		azure-pipelines.yml = azure-pipelines.yml
		Readme.md = Readme.md
	EndProjectSection
EndProject
Project("{151D2E53-A2C4-4D7D-83FE-D05416EBD58E}") = "myWebDeploy", "myWebDeploy\myWebDeploy.deployproj", "{3DA4FB33-FC70-4364-A177-CFBE2B9BA30F}"
EndProject
Project("{FAE04EC0-301F-11D3-BF4B-00C04F79EFBC}") = "myNewDadApp", "myNewDadApp\myNewDadApp.csproj", "{8307A449-408A-48AE-8040-04F19AC4A147}"
EndProject
Project("{FAE04EC0-301F-11D3-BF4B-00C04F79EFBC}") = "myAPI", "myAPI\myAPI.csproj", "{500F13E2-7A70-4537-A716-C2952933CCBA}"
EndProject
Global
	GlobalSection(SolutionConfigurationPlatforms) = preSolution
		Debug|Any CPU = Debug|Any CPU
		Release|Any CPU = Release|Any CPU
	EndGlobalSection
	GlobalSection(ProjectConfigurationPlatforms) = postSolution
		{C12DC3D8-AA1A-46AF-8B19-7763286DFA9D}.Debug|Any CPU.ActiveCfg = Debug|Any CPU
		{C12DC3D8-AA1A-46AF-8B19-7763286DFA9D}.Debug|Any CPU.Build.0 = Debug|Any CPU
		{C12DC3D8-AA1A-46AF-8B19-7763286DFA9D}.Release|Any CPU.ActiveCfg = Release|Any CPU
		{C12DC3D8-AA1A-46AF-8B19-7763286DFA9D}.Release|Any CPU.Build.0 = Release|Any CPU
		{3DA4FB33-FC70-4364-A177-CFBE2B9BA30F}.Debug|Any CPU.ActiveCfg = Debug|Any CPU
		{3DA4FB33-FC70-4364-A177-CFBE2B9BA30F}.Debug|Any CPU.Build.0 = Debug|Any CPU
		{3DA4FB33-FC70-4364-A177-CFBE2B9BA30F}.Release|Any CPU.ActiveCfg = Release|Any CPU
		{3DA4FB33-FC70-4364-A177-CFBE2B9BA30F}.Release|Any CPU.Build.0 = Release|Any CPU
		{8307A449-408A-48AE-8040-04F19AC4A147}.Debug|Any CPU.ActiveCfg = Debug|Any CPU
		{8307A449-408A-48AE-8040-04F19AC4A147}.Debug|Any CPU.Build.0 = Debug|Any CPU
		{8307A449-408A-48AE-8040-04F19AC4A147}.Release|Any CPU.ActiveCfg = Release|Any CPU
		{8307A449-408A-48AE-8040-04F19AC4A147}.Release|Any CPU.Build.0 = Release|Any CPU
		{500F13E2-7A70-4537-A716-C2952933CCBA}.Debug|Any CPU.ActiveCfg = Debug|Any CPU
		{500F13E2-7A70-4537-A716-C2952933CCBA}.Debug|Any CPU.Build.0 = Debug|Any CPU
		{500F13E2-7A70-4537-A716-C2952933CCBA}.Release|Any CPU.ActiveCfg = Release|Any CPU
		{500F13E2-7A70-4537-A716-C2952933CCBA}.Release|Any CPU.Build.0 = Release|Any CPU
	EndGlobalSection
	GlobalSection(SolutionProperties) = preSolution
		HideSolutionNode = FALSE
	EndGlobalSection
	GlobalSection(ExtensibilityGlobals) = postSolution
		SolutionGuid = {C62D138E-872F-4F66-BD7A-73B28D6176DD}
	EndGlobalSection
EndGlobal
